
Microsoft Visual Studio Solution File, Format Version 12.00
# Visual Studio Version 17
VisualStudioVersion = 17.7.34031.279
MinimumVisualStudioVersion = 10.0.40219.1
Project("{8BC9CEB8-8B4A-11D0-8D11-00A0C91BC942}") = "Automato_simulation", "Automato_simulation\Automato_simulation.vcxproj", "{7F85A838-282D-42A2-A355-FA41442D1C20}"
EndProject
Project("{8BC9CEB8-8B4A-11D0-8D11-00A0C91BC942}") = "Entradas", "Entradas\Entradas.vcxproj", "{312A849B-F40A-4E9E-BDC3-0324661CBBBE}"
EndProject
Global
	GlobalSection(SolutionConfigurationPlatforms) = preSolution
		Debug|x64 = Debug|x64
		Debug|x86 = Debug|x86
		Release|x64 = Release|x64
		Release|x86 = Release|x86
	EndGlobalSection
	GlobalSection(ProjectConfigurationPlatforms) = postSolution
		{7F85A838-282D-42A2-A355-FA41442D1C20}.Debug|x64.ActiveCfg = Debug|x64
		{7F85A838-282D-42A2-A355-FA41442D1C20}.Debug|x64.Build.0 = Debug|x64
		{7F85A838-282D-42A2-A355-FA41442D1C20}.Debug|x86.ActiveCfg = Debug|Win32
		{7F85A838-282D-42A2-A355-FA41442D1C20}.Debug|x86.Build.0 = Debug|Win32
		{7F85A838-282D-42A2-A355-FA41442D1C20}.Release|x64.ActiveCfg = Release|x64
		{7F85A838-282D-42A2-A355-FA41442D1C20}.Release|x64.Build.0 = Release|x64
		{7F85A838-282D-42A2-A355-FA41442D1C20}.Release|x86.ActiveCfg = Release|Win32
		{7F85A838-282D-42A2-A355-FA41442D1C20}.Release|x86.Build.0 = Release|Win32
		{312A849B-F40A-4E9E-BDC3-0324661CBBBE}.Debug|x64.ActiveCfg = Debug|x64
		{312A849B-F40A-4E9E-BDC3-0324661CBBBE}.Debug|x64.Build.0 = Debug|x64
		{312A849B-F40A-4E9E-BDC3-0324661CBBBE}.Debug|x86.ActiveCfg = Debug|Win32
		{312A849B-F40A-4E9E-BDC3-0324661CBBBE}.Debug|x86.Build.0 = Debug|Win32
		{312A849B-F40A-4E9E-BDC3-0324661CBBBE}.Release|x64.ActiveCfg = Release|x64
		{312A849B-F40A-4E9E-BDC3-0324661CBBBE}.Release|x64.Build.0 = Release|x64
		{312A849B-F40A-4E9E-BDC3-0324661CBBBE}.Release|x86.ActiveCfg = Release|Win32
		{312A849B-F40A-4E9E-BDC3-0324661CBBBE}.Release|x86.Build.0 = Release|Win32
	EndGlobalSection
	GlobalSection(SolutionProperties) = preSolution
		HideSolutionNode = FALSE
	EndGlobalSection
	GlobalSection(ExtensibilityGlobals) = postSolution
		SolutionGuid = {D705770B-71FD-404F-B84C-BE8BA0CAAA7F}
	EndGlobalSection
EndGlobal
